# This is a Gradle generated file for dependency locking.
# Manual edits can break the build and are not advised.
# This file is expected to be part of source control.
com.github.shyiko.klob:klob:0.2.1=spotless-1972456287
com.pinterest.ktlint:ktlint-core:0.43.2=spotless-1972456287
com.pinterest.ktlint:ktlint-reporter-baseline:0.43.2=spotless-1972456287
com.pinterest.ktlint:ktlint-reporter-checkstyle:0.43.2=spotless-1972456287
com.pinterest.ktlint:ktlint-reporter-html:0.43.2=spotless-1972456287
com.pinterest.ktlint:ktlint-reporter-json:0.43.2=spotless-1972456287
com.pinterest.ktlint:ktlint-reporter-plain:0.43.2=spotless-1972456287
com.pinterest.ktlint:ktlint-reporter-sarif:0.43.2=spotless-1972456287
com.pinterest.ktlint:ktlint-ruleset-experimental:0.43.2=spotless-1972456287
com.pinterest.ktlint:ktlint-ruleset-standard:0.43.2=spotless-1972456287
com.pinterest.ktlint:ktlint-ruleset-test:0.43.2=spotless-1972456287
com.pinterest:ktlint:0.43.2=spotless-1972456287
info.picocli:picocli:3.9.6=spotless-1972456287
io.github.detekt.sarif4k:sarif4k:0.0.1=spotless-1972456287
org.ec4j.core:ec4j-core:0.3.0=spotless-1972456287
org.jetbrains.intellij.deps:trove4j:1.0.20181211=spotless-1972456287
org.jetbrains.kotlin:kotlin-compiler-embeddable:1.5.31=spotless-1972456287
org.jetbrains.kotlin:kotlin-daemon-embeddable:1.5.31=spotless-1972456287
org.jetbrains.kotlin:kotlin-reflect:1.5.31=spotless-1972456287
org.jetbrains.kotlin:kotlin-script-runtime:1.5.31=spotless-1972456287
org.jetbrains.kotlin:kotlin-stdlib-common:1.5.31=spotless-1972456287
org.jetbrains.kotlin:kotlin-stdlib-jdk7:1.5.31=spotless-1972456287
org.jetbrains.kotlin:kotlin-stdlib-jdk8:1.5.31=spotless-1972456287
org.jetbrains.kotlin:kotlin-stdlib:1.5.31=spotless-1972456287
org.jetbrains.kotlinx:kotlinx-serialization-core-jvm:1.1.0=spotless-1972456287
org.jetbrains.kotlinx:kotlinx-serialization-core:1.1.0=spotless-1972456287
org.jetbrains.kotlinx:kotlinx-serialization-json-jvm:1.1.0=spotless-1972456287
org.jetbrains.kotlinx:kotlinx-serialization-json:1.1.0=spotless-1972456287
org.jetbrains:annotations:13.0=spotless-1972456287
empty=
